Microsoft Visual Studio Solution File, Format Version 12.00
# Visual Studio 2012
Project("{FAE04EC0-301F-11D3-BF4B-00C04F79EFBC}") = "SCP Map Generator v2", "SCP Map Generator v2.csproj", "{B862D827-842F-461A-B693-5FA16F705934}"
EndProject
Global
	GlobalSection(SolutionConfigurationPlatforms) = preSolution
	Debug|Any CPU = Debug|Any CPU
	ExportDebug|Any CPU = ExportDebug|Any CPU
	ExportRelease|Any CPU = ExportRelease|Any CPU
	EndGlobalSection
	GlobalSection(ProjectConfigurationPlatforms) = postSolution
		{B862D827-842F-461A-B693-5FA16F705934}.Debug|Any CPU.ActiveCfg = Debug|Any CPU
		{B862D827-842F-461A-B693-5FA16F705934}.Debug|Any CPU.Build.0 = Debug|Any CPU
		{B862D827-842F-461A-B693-5FA16F705934}.ExportDebug|Any CPU.ActiveCfg = ExportDebug|Any CPU
		{B862D827-842F-461A-B693-5FA16F705934}.ExportDebug|Any CPU.Build.0 = ExportDebug|Any CPU
		{B862D827-842F-461A-B693-5FA16F705934}.ExportRelease|Any CPU.ActiveCfg = ExportRelease|Any CPU
		{B862D827-842F-461A-B693-5FA16F705934}.ExportRelease|Any CPU.Build.0 = ExportRelease|Any CPU
	EndGlobalSection
EndGlobal
